
Microsoft Visual Studio Solution File, Format Version 12.00
# Visual Studio Version 16
VisualStudioVersion = 16.0.31729.503
MinimumVisualStudioVersion = 10.0.40219.1
Project("{FAE04EC0-301F-11D3-BF4B-00C04F79EFBC}") = "DecouplePractice", "DecouplePractice\DecouplePractice.csproj", "{3C60835D-165E-4972-AC6A-1D8B9CAB96B9}"
EndProject
Global
	GlobalSection(SolutionConfigurationPlatforms) = preSolution
		Debug|Any CPU = Debug|Any CPU
		Release|Any CPU = Release|Any CPU
	EndGlobalSection
	GlobalSection(ProjectConfigurationPlatforms) = postSolution
		{3C60835D-165E-4972-AC6A-1D8B9CAB96B9}.Debug|Any CPU.ActiveCfg = Debug|Any CPU
		{3C60835D-165E-4972-AC6A-1D8B9CAB96B9}.Debug|Any CPU.Build.0 = Debug|Any CPU
		{3C60835D-165E-4972-AC6A-1D8B9CAB96B9}.Release|Any CPU.ActiveCfg = Release|Any CPU
		{3C60835D-165E-4972-AC6A-1D8B9CAB96B9}.Release|Any CPU.Build.0 = Release|Any CPU
	EndGlobalSection
	GlobalSection(SolutionProperties) = preSolution
		HideSolutionNode = FALSE
	EndGlobalSection
	GlobalSection(ExtensibilityGlobals) = postSolution
		SolutionGuid = {ADEA0DD8-560E-4DBD-97F6-D47802E5808A}
	EndGlobalSection
EndGlobal
